
Microsoft Visual Studio Solution File, Format Version 12.00
# Visual Studio Version 17
VisualStudioVersion = 17.14.36221.1
MinimumVisualStudioVersion = 10.0.40219.1
Project("{FAE04EC0-301F-11D3-BF4B-00C04F79EFBC}") = "LearningEFCore", "LearningEFCore\LearningEFCore.csproj", "{EA4D75AC-A6EE-4F0D-8686-EBD786B7E212}"
EndProject
Project("{FAE04EC0-301F-11D3-BF4B-00C04F79EFBC}") = "Business", "Business\Business.csproj", "{0245E999-A435-41D5-B86D-AD6B601B4A50}"
EndProject
Project("{FAE04EC0-301F-11D3-BF4B-00C04F79EFBC}") = "Common", "Common\Common.csproj", "{2F1C230B-D290-4DE6-93BF-25FE14B9D7C3}"
EndProject
Project("{FAE04EC0-301F-11D3-BF4B-00C04F79EFBC}") = "Data", "Data\Data.csproj", "{81B7BEBB-B058-466B-AFFB-FE124AEAC456}"
EndProject
Global
	GlobalSection(SolutionConfigurationPlatforms) = preSolution
		Debug|Any CPU = Debug|Any CPU
		Release|Any CPU = Release|Any CPU
	EndGlobalSection
	GlobalSection(ProjectConfigurationPlatforms) = postSolution
		{EA4D75AC-A6EE-4F0D-8686-EBD786B7E212}.Debug|Any CPU.ActiveCfg = Debug|Any CPU
		{EA4D75AC-A6EE-4F0D-8686-EBD786B7E212}.Debug|Any CPU.Build.0 = Debug|Any CPU
		{EA4D75AC-A6EE-4F0D-8686-EBD786B7E212}.Release|Any CPU.ActiveCfg = Release|Any CPU
		{EA4D75AC-A6EE-4F0D-8686-EBD786B7E212}.Release|Any CPU.Build.0 = Release|Any CPU
		{0245E999-A435-41D5-B86D-AD6B601B4A50}.Debug|Any CPU.ActiveCfg = Debug|Any CPU
		{0245E999-A435-41D5-B86D-AD6B601B4A50}.Debug|Any CPU.Build.0 = Debug|Any CPU
		{0245E999-A435-41D5-B86D-AD6B601B4A50}.Release|Any CPU.ActiveCfg = Release|Any CPU
		{0245E999-A435-41D5-B86D-AD6B601B4A50}.Release|Any CPU.Build.0 = Release|Any CPU
		{2F1C230B-D290-4DE6-93BF-25FE14B9D7C3}.Debug|Any CPU.ActiveCfg = Debug|Any CPU
		{2F1C230B-D290-4DE6-93BF-25FE14B9D7C3}.Debug|Any CPU.Build.0 = Debug|Any CPU
		{2F1C230B-D290-4DE6-93BF-25FE14B9D7C3}.Release|Any CPU.ActiveCfg = Release|Any CPU
		{2F1C230B-D290-4DE6-93BF-25FE14B9D7C3}.Release|Any CPU.Build.0 = Release|Any CPU
		{81B7BEBB-B058-466B-AFFB-FE124AEAC456}.Debug|Any CPU.ActiveCfg = Debug|Any CPU
		{81B7BEBB-B058-466B-AFFB-FE124AEAC456}.Debug|Any CPU.Build.0 = Debug|Any CPU
		{81B7BEBB-B058-466B-AFFB-FE124AEAC456}.Release|Any CPU.ActiveCfg = Release|Any CPU
		{81B7BEBB-B058-466B-AFFB-FE124AEAC456}.Release|Any CPU.Build.0 = Release|Any CPU
	EndGlobalSection
	GlobalSection(SolutionProperties) = preSolution
		HideSolutionNode = FALSE
	EndGlobalSection
	GlobalSection(ExtensibilityGlobals) = postSolution
		SolutionGuid = {05E56B23-FE74-4A00-A202-652192B9AC17}
	EndGlobalSection
EndGlobal
